
Microsoft Visual Studio Solution File, Format Version 12.00
# Visual Studio 2012
Project("{FAE04EC0-301F-11D3-BF4B-00C04F79EFBC}") = "SlideshowLibrary", "SlideshowLibrary\SlideshowLibrary.csproj", "{643EC535-E9C0-4DCA-92DA-ABABD0E929EE}"
EndProject
Project("{FAE04EC0-301F-11D3-BF4B-00C04F79EFBC}") = "SlideshowDemo", "SlideshowDemo\SlideshowDemo.csproj", "{FBDF5478-52D9-4798-B6BA-313004CF22D1}"
EndProject
Global
	GlobalSection(SolutionConfigurationPlatforms) = preSolution
		Debug|Any CPU = Debug|Any CPU
		Release|Any CPU = Release|Any CPU
		Debug|iPhoneSimulator = Debug|iPhoneSimulator
		Release|iPhone = Release|iPhone
		Release|iPhoneSimulator = Release|iPhoneSimulator
		Debug|iPhone = Debug|iPhone
	EndGlobalSection
	GlobalSection(ProjectConfigurationPlatforms) = postSolution
		{643EC535-E9C0-4DCA-92DA-ABABD0E929EE}.Debug|Any CPU.ActiveCfg = Debug|Any CPU
		{643EC535-E9C0-4DCA-92DA-ABABD0E929EE}.Debug|Any CPU.Build.0 = Debug|Any CPU
		{643EC535-E9C0-4DCA-92DA-ABABD0E929EE}.Release|Any CPU.ActiveCfg = Release|Any CPU
		{643EC535-E9C0-4DCA-92DA-ABABD0E929EE}.Release|Any CPU.Build.0 = Release|Any CPU
		{643EC535-E9C0-4DCA-92DA-ABABD0E929EE}.Debug|iPhoneSimulator.ActiveCfg = Debug|Any CPU
		{643EC535-E9C0-4DCA-92DA-ABABD0E929EE}.Debug|iPhoneSimulator.Build.0 = Debug|Any CPU
		{643EC535-E9C0-4DCA-92DA-ABABD0E929EE}.Release|iPhone.ActiveCfg = Release|Any CPU
		{643EC535-E9C0-4DCA-92DA-ABABD0E929EE}.Release|iPhone.Build.0 = Release|Any CPU
		{643EC535-E9C0-4DCA-92DA-ABABD0E929EE}.Release|iPhoneSimulator.ActiveCfg = Release|Any CPU
		{643EC535-E9C0-4DCA-92DA-ABABD0E929EE}.Release|iPhoneSimulator.Build.0 = Release|Any CPU
		{643EC535-E9C0-4DCA-92DA-ABABD0E929EE}.Debug|iPhone.ActiveCfg = Debug|Any CPU
		{643EC535-E9C0-4DCA-92DA-ABABD0E929EE}.Debug|iPhone.Build.0 = Debug|Any CPU
		{FBDF5478-52D9-4798-B6BA-313004CF22D1}.Debug|Any CPU.ActiveCfg = Debug|iPhoneSimulator
		{FBDF5478-52D9-4798-B6BA-313004CF22D1}.Debug|Any CPU.Build.0 = Debug|iPhoneSimulator
		{FBDF5478-52D9-4798-B6BA-313004CF22D1}.Release|Any CPU.ActiveCfg = Release|iPhone
		{FBDF5478-52D9-4798-B6BA-313004CF22D1}.Release|Any CPU.Build.0 = Release|iPhone
		{FBDF5478-52D9-4798-B6BA-313004CF22D1}.Debug|iPhoneSimulator.ActiveCfg = Debug|iPhoneSimulator
		{FBDF5478-52D9-4798-B6BA-313004CF22D1}.Debug|iPhoneSimulator.Build.0 = Debug|iPhoneSimulator
		{FBDF5478-52D9-4798-B6BA-313004CF22D1}.Release|iPhone.ActiveCfg = Release|iPhone
		{FBDF5478-52D9-4798-B6BA-313004CF22D1}.Release|iPhone.Build.0 = Release|iPhone
		{FBDF5478-52D9-4798-B6BA-313004CF22D1}.Release|iPhoneSimulator.ActiveCfg = Release|iPhoneSimulator
		{FBDF5478-52D9-4798-B6BA-313004CF22D1}.Release|iPhoneSimulator.Build.0 = Release|iPhoneSimulator
		{FBDF5478-52D9-4798-B6BA-313004CF22D1}.Debug|iPhone.ActiveCfg = Debug|iPhone
		{FBDF5478-52D9-4798-B6BA-313004CF22D1}.Debug|iPhone.Build.0 = Debug|iPhone
	EndGlobalSection
EndGlobal
